
Microsoft Visual Studio Solution File, Format Version 12.00
# Visual Studio Version 17
VisualStudioVersion = 17.6.33801.468
MinimumVisualStudioVersion = 10.0.40219.1
Project("{FAE04EC0-301F-11D3-BF4B-00C04F79EFBC}") = "UnityDotsTemplates", "UnityDotsTemplates\UnityDotsTemplates.csproj", "{0A75D2FB-1F32-4019-9B6C-2019375A62CC}"
EndProject
Project("{2150E333-8FDC-42A3-9474-1A3956D46DE8}") = "Solution Items", "Solution Items", "{4B6E682D-958F-4BF7-A2CA-AAEEEA7FC779}"
	ProjectSection(SolutionItems) = preProject
		.editorconfig = .editorconfig
		.gitignore = .gitignore
		LICENSE = LICENSE
		README.md = README.md
	EndProjectSection
EndProject
Project("{FAE04EC0-301F-11D3-BF4B-00C04F79EFBC}") = "Authoring Component", "Authoring Component\Authoring Component.csproj", "{3F843A47-949F-40F6-8FE6-A8FF382851F9}"
EndProject
Project("{FAE04EC0-301F-11D3-BF4B-00C04F79EFBC}") = "IBufferElementData", "IBufferElementData\IBufferElementData.csproj", "{41EF97CB-37F4-4967-92DF-22AC795ACD9C}"
EndProject
Project("{FAE04EC0-301F-11D3-BF4B-00C04F79EFBC}") = "IComponentData", "IComponentData\IComponentData.csproj", "{D8E45E89-779C-4D15-9879-69BE83E347DE}"
EndProject
Project("{FAE04EC0-301F-11D3-BF4B-00C04F79EFBC}") = "ISystem", "ISystem\ISystem.csproj", "{75770E6B-FE39-46BD-894D-00AEF505EA3C}"
EndProject
Project("{FAE04EC0-301F-11D3-BF4B-00C04F79EFBC}") = "MonoBehaviour", "MonoBehaviour\MonoBehaviour.csproj", "{85EE7056-FE77-4CDF-9352-4449E53AEEB0}"
EndProject
Project("{FAE04EC0-301F-11D3-BF4B-00C04F79EFBC}") = "SystemBase", "SystemBase\SystemBase.csproj", "{B3374644-EAA4-4980-B6FA-5B2212370058}"
EndProject
Project("{FAE04EC0-301F-11D3-BF4B-00C04F79EFBC}") = "Aspect", "Aspect\Aspect.csproj", "{F15DAE3B-5690-4ECF-BFE7-F5994E9C0EC8}"
EndProject
Global
	GlobalSection(SolutionConfigurationPlatforms) = preSolution
		Debug|Any CPU = Debug|Any CPU
		Debug|arm64 = Debug|arm64
		Debug|x86 = Debug|x86
		Release|Any CPU = Release|Any CPU
		Release|arm64 = Release|arm64
		Release|x86 = Release|x86
	EndGlobalSection
	GlobalSection(ProjectConfigurationPlatforms) = postSolution
		{0A75D2FB-1F32-4019-9B6C-2019375A62CC}.Debug|Any CPU.ActiveCfg = Debug|Any CPU
		{0A75D2FB-1F32-4019-9B6C-2019375A62CC}.Debug|Any CPU.Build.0 = Debug|Any CPU
		{0A75D2FB-1F32-4019-9B6C-2019375A62CC}.Debug|arm64.ActiveCfg = Debug|arm64
		{0A75D2FB-1F32-4019-9B6C-2019375A62CC}.Debug|arm64.Build.0 = Debug|arm64
		{0A75D2FB-1F32-4019-9B6C-2019375A62CC}.Debug|x86.ActiveCfg = Debug|x86
		{0A75D2FB-1F32-4019-9B6C-2019375A62CC}.Debug|x86.Build.0 = Debug|x86
		{0A75D2FB-1F32-4019-9B6C-2019375A62CC}.Release|Any CPU.ActiveCfg = Release|Any CPU
		{0A75D2FB-1F32-4019-9B6C-2019375A62CC}.Release|Any CPU.Build.0 = Release|Any CPU
		{0A75D2FB-1F32-4019-9B6C-2019375A62CC}.Release|arm64.ActiveCfg = Release|arm64
		{0A75D2FB-1F32-4019-9B6C-2019375A62CC}.Release|arm64.Build.0 = Release|arm64
		{0A75D2FB-1F32-4019-9B6C-2019375A62CC}.Release|x86.ActiveCfg = Release|x86
		{0A75D2FB-1F32-4019-9B6C-2019375A62CC}.Release|x86.Build.0 = Release|x86
		{3F843A47-949F-40F6-8FE6-A8FF382851F9}.Debug|Any CPU.ActiveCfg = Debug|Any CPU
		{3F843A47-949F-40F6-8FE6-A8FF382851F9}.Debug|Any CPU.Build.0 = Debug|Any CPU
		{3F843A47-949F-40F6-8FE6-A8FF382851F9}.Debug|arm64.ActiveCfg = Debug|arm64
		{3F843A47-949F-40F6-8FE6-A8FF382851F9}.Debug|arm64.Build.0 = Debug|arm64
		{3F843A47-949F-40F6-8FE6-A8FF382851F9}.Debug|x86.ActiveCfg = Debug|x86
		{3F843A47-949F-40F6-8FE6-A8FF382851F9}.Debug|x86.Build.0 = Debug|x86
		{3F843A47-949F-40F6-8FE6-A8FF382851F9}.Release|Any CPU.ActiveCfg = Release|Any CPU
		{3F843A47-949F-40F6-8FE6-A8FF382851F9}.Release|Any CPU.Build.0 = Release|Any CPU
		{3F843A47-949F-40F6-8FE6-A8FF382851F9}.Release|arm64.ActiveCfg = Release|arm64
		{3F843A47-949F-40F6-8FE6-A8FF382851F9}.Release|arm64.Build.0 = Release|arm64
		{3F843A47-949F-40F6-8FE6-A8FF382851F9}.Release|x86.ActiveCfg = Release|x86
		{3F843A47-949F-40F6-8FE6-A8FF382851F9}.Release|x86.Build.0 = Release|x86
		{41EF97CB-37F4-4967-92DF-22AC795ACD9C}.Debug|Any CPU.ActiveCfg = Debug|Any CPU
		{41EF97CB-37F4-4967-92DF-22AC795ACD9C}.Debug|Any CPU.Build.0 = Debug|Any CPU
		{41EF97CB-37F4-4967-92DF-22AC795ACD9C}.Debug|arm64.ActiveCfg = Debug|arm64
		{41EF97CB-37F4-4967-92DF-22AC795ACD9C}.Debug|arm64.Build.0 = Debug|arm64
		{41EF97CB-37F4-4967-92DF-22AC795ACD9C}.Debug|x86.ActiveCfg = Debug|x86
		{41EF97CB-37F4-4967-92DF-22AC795ACD9C}.Debug|x86.Build.0 = Debug|x86
		{41EF97CB-37F4-4967-92DF-22AC795ACD9C}.Release|Any CPU.ActiveCfg = Release|Any CPU
		{41EF97CB-37F4-4967-92DF-22AC795ACD9C}.Release|Any CPU.Build.0 = Release|Any CPU
		{41EF97CB-37F4-4967-92DF-22AC795ACD9C}.Release|arm64.ActiveCfg = Release|arm64
		{41EF97CB-37F4-4967-92DF-22AC795ACD9C}.Release|arm64.Build.0 = Release|arm64
		{41EF97CB-37F4-4967-92DF-22AC795ACD9C}.Release|x86.ActiveCfg = Release|x86
		{41EF97CB-37F4-4967-92DF-22AC795ACD9C}.Release|x86.Build.0 = Release|x86
		{D8E45E89-779C-4D15-9879-69BE83E347DE}.Debug|Any CPU.ActiveCfg = Debug|Any CPU
		{D8E45E89-779C-4D15-9879-69BE83E347DE}.Debug|Any CPU.Build.0 = Debug|Any CPU
		{D8E45E89-779C-4D15-9879-69BE83E347DE}.Debug|arm64.ActiveCfg = Debug|arm64
		{D8E45E89-779C-4D15-9879-69BE83E347DE}.Debug|arm64.Build.0 = Debug|arm64
		{D8E45E89-779C-4D15-9879-69BE83E347DE}.Debug|x86.ActiveCfg = Debug|x86
		{D8E45E89-779C-4D15-9879-69BE83E347DE}.Debug|x86.Build.0 = Debug|x86
		{D8E45E89-779C-4D15-9879-69BE83E347DE}.Release|Any CPU.ActiveCfg = Release|Any CPU
		{D8E45E89-779C-4D15-9879-69BE83E347DE}.Release|Any CPU.Build.0 = Release|Any CPU
		{D8E45E89-779C-4D15-9879-69BE83E347DE}.Release|arm64.ActiveCfg = Release|arm64
		{D8E45E89-779C-4D15-9879-69BE83E347DE}.Release|arm64.Build.0 = Release|arm64
		{D8E45E89-779C-4D15-9879-69BE83E347DE}.Release|x86.ActiveCfg = Release|x86
		{D8E45E89-779C-4D15-9879-69BE83E347DE}.Release|x86.Build.0 = Release|x86
		{75770E6B-FE39-46BD-894D-00AEF505EA3C}.Debug|Any CPU.ActiveCfg = Debug|Any CPU
		{75770E6B-FE39-46BD-894D-00AEF505EA3C}.Debug|Any CPU.Build.0 = Debug|Any CPU
		{75770E6B-FE39-46BD-894D-00AEF505EA3C}.Debug|arm64.ActiveCfg = Debug|arm64
		{75770E6B-FE39-46BD-894D-00AEF505EA3C}.Debug|arm64.Build.0 = Debug|arm64
		{75770E6B-FE39-46BD-894D-00AEF505EA3C}.Debug|x86.ActiveCfg = Debug|x86
		{75770E6B-FE39-46BD-894D-00AEF505EA3C}.Debug|x86.Build.0 = Debug|x86
		{75770E6B-FE39-46BD-894D-00AEF505EA3C}.Release|Any CPU.ActiveCfg = Release|Any CPU
		{75770E6B-FE39-46BD-894D-00AEF505EA3C}.Release|Any CPU.Build.0 = Release|Any CPU
		{75770E6B-FE39-46BD-894D-00AEF505EA3C}.Release|arm64.ActiveCfg = Release|arm64
		{75770E6B-FE39-46BD-894D-00AEF505EA3C}.Release|arm64.Build.0 = Release|arm64
		{75770E6B-FE39-46BD-894D-00AEF505EA3C}.Release|x86.ActiveCfg = Release|x86
		{75770E6B-FE39-46BD-894D-00AEF505EA3C}.Release|x86.Build.0 = Release|x86
		{85EE7056-FE77-4CDF-9352-4449E53AEEB0}.Debug|Any CPU.ActiveCfg = Debug|Any CPU
		{85EE7056-FE77-4CDF-9352-4449E53AEEB0}.Debug|Any CPU.Build.0 = Debug|Any CPU
		{85EE7056-FE77-4CDF-9352-4449E53AEEB0}.Debug|arm64.ActiveCfg = Debug|arm64
		{85EE7056-FE77-4CDF-9352-4449E53AEEB0}.Debug|arm64.Build.0 = Debug|arm64
		{85EE7056-FE77-4CDF-9352-4449E53AEEB0}.Debug|x86.ActiveCfg = Debug|x86
		{85EE7056-FE77-4CDF-9352-4449E53AEEB0}.Debug|x86.Build.0 = Debug|x86
		{85EE7056-FE77-4CDF-9352-4449E53AEEB0}.Release|Any CPU.ActiveCfg = Release|Any CPU
		{85EE7056-FE77-4CDF-9352-4449E53AEEB0}.Release|Any CPU.Build.0 = Release|Any CPU
		{85EE7056-FE77-4CDF-9352-4449E53AEEB0}.Release|arm64.ActiveCfg = Release|arm64
		{85EE7056-FE77-4CDF-9352-4449E53AEEB0}.Release|arm64.Build.0 = Release|arm64
		{85EE7056-FE77-4CDF-9352-4449E53AEEB0}.Release|x86.ActiveCfg = Release|x86
		{85EE7056-FE77-4CDF-9352-4449E53AEEB0}.Release|x86.Build.0 = Release|x86
		{B3374644-EAA4-4980-B6FA-5B2212370058}.Debug|Any CPU.ActiveCfg = Debug|Any CPU
		{B3374644-EAA4-4980-B6FA-5B2212370058}.Debug|Any CPU.Build.0 = Debug|Any CPU
		{B3374644-EAA4-4980-B6FA-5B2212370058}.Debug|arm64.ActiveCfg = Debug|arm64
		{B3374644-EAA4-4980-B6FA-5B2212370058}.Debug|arm64.Build.0 = Debug|arm64
		{B3374644-EAA4-4980-B6FA-5B2212370058}.Debug|x86.ActiveCfg = Debug|x86
		{B3374644-EAA4-4980-B6FA-5B2212370058}.Debug|x86.Build.0 = Debug|x86
		{B3374644-EAA4-4980-B6FA-5B2212370058}.Release|Any CPU.ActiveCfg = Release|Any CPU
		{B3374644-EAA4-4980-B6FA-5B2212370058}.Release|Any CPU.Build.0 = Release|Any CPU
		{B3374644-EAA4-4980-B6FA-5B2212370058}.Release|arm64.ActiveCfg = Release|arm64
		{B3374644-EAA4-4980-B6FA-5B2212370058}.Release|arm64.Build.0 = Release|arm64
		{B3374644-EAA4-4980-B6FA-5B2212370058}.Release|x86.ActiveCfg = Release|x86
		{B3374644-EAA4-4980-B6FA-5B2212370058}.Release|x86.Build.0 = Release|x86
		{F15DAE3B-5690-4ECF-BFE7-F5994E9C0EC8}.Debug|Any CPU.ActiveCfg = Debug|Any CPU
		{F15DAE3B-5690-4ECF-BFE7-F5994E9C0EC8}.Debug|Any CPU.Build.0 = Debug|Any CPU
		{F15DAE3B-5690-4ECF-BFE7-F5994E9C0EC8}.Debug|arm64.ActiveCfg = Debug|arm64
		{F15DAE3B-5690-4ECF-BFE7-F5994E9C0EC8}.Debug|arm64.Build.0 = Debug|arm64
		{F15DAE3B-5690-4ECF-BFE7-F5994E9C0EC8}.Debug|x86.ActiveCfg = Debug|x86
		{F15DAE3B-5690-4ECF-BFE7-F5994E9C0EC8}.Debug|x86.Build.0 = Debug|x86
		{F15DAE3B-5690-4ECF-BFE7-F5994E9C0EC8}.Release|Any CPU.ActiveCfg = Release|Any CPU
		{F15DAE3B-5690-4ECF-BFE7-F5994E9C0EC8}.Release|Any CPU.Build.0 = Release|Any CPU
		{F15DAE3B-5690-4ECF-BFE7-F5994E9C0EC8}.Release|arm64.ActiveCfg = Release|arm64
		{F15DAE3B-5690-4ECF-BFE7-F5994E9C0EC8}.Release|arm64.Build.0 = Release|arm64
		{F15DAE3B-5690-4ECF-BFE7-F5994E9C0EC8}.Release|x86.ActiveCfg = Release|x86
		{F15DAE3B-5690-4ECF-BFE7-F5994E9C0EC8}.Release|x86.Build.0 = Release|x86
	EndGlobalSection
	GlobalSection(SolutionProperties) = preSolution
		HideSolutionNode = FALSE
	EndGlobalSection
	GlobalSection(ExtensibilityGlobals) = postSolution
		SolutionGuid = {57CF6C24-467F-46EF-BEFC-4A5D0E640118}
	EndGlobalSection
EndGlobal
